# THIS IS AN AUTOGENERATED FILE. DO NOT EDIT THIS FILE DIRECTLY.
# yarn lockfile v1


fireward@^1.6.0:
  version "1.6.0"
  resolved "https://registry.yarnpkg.com/fireward/-/fireward-1.6.0.tgz#56022ea1d5934aa735e7c2caf1a17d568a21003e"
  integrity sha512-F0ITic4+JSzUKukTJDbiv3mIhy9ie4Sthnus6fE6PV3fervaN5aaqbMd/Rb6U1Vf7pWQXDkA+SezlsvWMqrqVg==
